{
  "name": "site-mfadv",
  "requires": true,
  "lockfileVersion": 1,
  "dependencies": {
    "@contentful/rich-text-react-renderer": {
      "version": "15.11.1",
      "resolved": "https://registry.npmjs.org/@contentful/rich-text-react-renderer/-/rich-text-react-renderer-15.11.1.tgz",
      "integrity": "sha512-u1dSlUDSDR19/RGVbmwkbhEOTwRerIaMbea92vchd2mM6lk6X+qp6BS6HTABROcXGVAwhIHtarZ8fX5Zu7uiYA==",
      "requires": {
        "@contentful/rich-text-types": "^15.11.1"
      }
    },
    "@contentful/rich-text-types": {
      "version": "15.11.1",
      "resolved": "https://registry.npmjs.org/@contentful/rich-text-types/-/rich-text-types-15.11.1.tgz",
      "integrity": "sha512-seO8Nl9cp894v7an6R8isX+HqYwVUesviGULTh/rIj2DCv2tXUU1GCqzSkt84XN6c6nbFYow9+Wzezkxx/IdIA=="
    },
    "@next/env": {
      "version": "12.1.1-canary.1",
      "resolved": "https://registry.npmjs.org/@next/env/-/env-12.1.1-canary.1.tgz",
      "integrity": "sha512-dWIH0niv2FLF07p/ip+KwAtbFVUm09pV00qBLdjvF6/oqsJAzIxZJivKgIMrMY14OpO29bTpO7/FBLO4OZlDDw=="
    },
    "@next/swc-android-arm-eabi": {
      "version": "12.1.1-canary.1",
      "resolved": "https://registry.npmjs.org/@next/swc-android-arm-eabi/-/swc-android-arm-eabi-12.1.1-canary.1.tgz",
      "integrity": "sha512-QaM4BAZmjms7Td8+1eyyxubHQoQB4n9NF7NybA2/0JxinqIP01bbX5KYgo2/mhcTIGPQo+rI5PhGGUKrp8mIoA==",
      "optional": true
    },
    "@next/swc-android-arm64": {
      "version": "12.1.1-canary.1",
      "resolved": "https://registry.npmjs.org/@next/swc-android-arm64/-/swc-android-arm64-12.1.1-canary.1.tgz",
      "integrity": "sha512-PmFhZ7xhvSUXEzN4KVGxpkMsxHkrAjmPwBdant/p9JxHCauaKHNYlpWtnoH1f96jarbOOSmAFFS/NIRZPEmpIw==",
      "optional": true
    },
    "@next/swc-darwin-arm64": {
      "version": "12.1.1-canary.1",
      "resolved": "https://registry.npmjs.org/@next/swc-darwin-arm64/-/swc-darwin-arm64-12.1.1-canary.1.tgz",
      "integrity": "sha512-23K1entwpkGcL1VEBVRc2uy6Ql+7MhoPmjy7KTUoNJKdUXFEHYzIx395QGJkfYWBLwTGkjiK6SNR/DMM361quQ==",
      "optional": true
    },
    "@next/swc-darwin-x64": {
      "version": "12.1.1-canary.1",
      "resolved": "https://registry.npmjs.org/@next/swc-darwin-x64/-/swc-darwin-x64-12.1.1-canary.1.tgz",
      "integrity": "sha512-S7BMXvhH7OT81afZoSpA6iXK524H2chs/MeTJB60cjoeajIClfwjCsD8LZPAsPOUgM18PI2ZSAly9UCnDQen+A==",
      "optional": true
    },
    "@next/swc-linux-arm-gnueabihf": {
      "version": "12.1.1-canary.1",
      "resolved": "https://registry.npmjs.org/@next/swc-linux-arm-gnueabihf/-/swc-linux-arm-gnueabihf-12.1.1-canary.1.tgz",
      "integrity": "sha512-yTwClJ8aSBsagcXt2bDRiEOMkT+gAfw314HDen4yPhPjGtJFv1drK63y15N96oERUFPGjBQl8OyD++XT7rms/w==",
      "optional": true
    },
    "@next/swc-linux-arm64-gnu": {
      "version": "12.1.1-canary.1",
      "resolved": "https://registry.npmjs.org/@next/swc-linux-arm64-gnu/-/swc-linux-arm64-gnu-12.1.1-canary.1.tgz",
      "integrity": "sha512-TuyQWrsQN6TN1cJuVbWbz0Vp38Fb2N02yvHCkyIYEoNxVUqit8OROyNObHFUmfBxwT+yPv3RiN9EF0h2g0nvDA==",
      "optional": true
    },
    "@next/swc-linux-arm64-musl": {
      "version": "12.1.1-canary.1",
      "resolved": "https://registry.npmjs.org/@next/swc-linux-arm64-musl/-/swc-linux-arm64-musl-12.1.1-canary.1.tgz",
      "integrity": "sha512-xHFPQqf2vomDHFVqouSvqpaqZicJx0ER7ImbiXEonPavuHeHxXxTe+0ODCObxplRtJJmBUuGoFComVgy/vPEmw==",
      "optional": true
    },
    "@next/swc-linux-x64-gnu": {
      "version": "12.1.1-canary.1",
      "resolved": "https://registry.npmjs.org/@next/swc-linux-x64-gnu/-/swc-linux-x64-gnu-12.1.1-canary.1.tgz",
      "integrity": "sha512-7RgampnmkgVbBW4f/mNYgJu192Gd78OHIGCi9VtxLQgBYG8tLTIDUEDCByekNuxJveg21QKykboXDurvTtPfgA==",
      "optional": true
    },
    "@next/swc-linux-x64-musl": {
      "version": "12.1.1-canary.1",
      "resolved": "https://registry.npmjs.org/@next/swc-linux-x64-musl/-/swc-linux-x64-musl-12.1.1-canary.1.tgz",
      "integrity": "sha512-50jCYdC9NGNIgGGs3aZbN+Wv1qU1b5tbvSwmq/gh0nqOo5k/BVtR1dFgzunSrU8hFn/s0BwDtez6dcbyIzBBTg==",
      "optional": true
    },
    "@next/swc-win32-arm64-msvc": {
      "version": "12.1.1-canary.1",
      "resolved": "https://registry.npmjs.org/@next/swc-win32-arm64-msvc/-/swc-win32-arm64-msvc-12.1.1-canary.1.tgz",
      "integrity": "sha512-CBVN67rUyIB33IoyheyJRK8vLA7+PV6fAdA0lqk8oAQsQnZNcoEaniAuP+qMa0UDUWVb+pPFX9FFXlSwY5jJrQ==",
      "optional": true
    },
    "@next/swc-win32-ia32-msvc": {
      "version": "12.1.1-canary.1",
      "resolved": "https://registry.npmjs.org/@next/swc-win32-ia32-msvc/-/swc-win32-ia32-msvc-12.1.1-canary.1.tgz",
      "integrity": "sha512-ybEE62D/cgQMKdbuMUbW483vrWg+qUsyXX14URtbRZJHvJAMPVOR9JGaZ04v+8q7SzHGlvQD0BYQ1wcx3vQZww==",
      "optional": true
    },
    "@next/swc-win32-x64-msvc": {
      "version": "12.1.1-canary.1",
      "resolved": "https://registry.npmjs.org/@next/swc-win32-x64-msvc/-/swc-win32-x64-msvc-12.1.1-canary.1.tgz",
      "integrity": "sha512-P9RVKJdI9mN9Vdmwl3pZ9E2mbnHTQSOwEMJlE+Y6LdI5j+TeIz5IpYA9DSlw5HdVgQte0KpggdUVOanwcXW8Xw==",
      "optional": true
    },
    "aos": {
      "version": "2.3.4",
      "resolved": "https://registry.npmjs.org/aos/-/aos-2.3.4.tgz",
      "integrity": "sha512-zh/ahtR2yME4I51z8IttIt4lC1Nw0ktsFtmeDzID1m9naJnWXhCoARaCgNOGXb5CLy3zm+wqmRAEgMYB5E2HUw==",
      "requires": {
        "classlist-polyfill": "^1.0.3",
        "lodash.debounce": "^4.0.6",
        "lodash.throttle": "^4.0.1"
      }
    },
    "axios": {
      "version": "0.26.0",
      "resolved": "https://registry.npmjs.org/axios/-/axios-0.26.0.tgz",
      "integrity": "sha512-lKoGLMYtHvFrPVt3r+RBMp9nh34N0M8zEfCWqdWZx6phynIEhQqAdydpyBAAG211zlhX9Rgu08cOamy6XjE5Og==",
      "requires": {
        "follow-redirects": "^1.14.8"
      }
    },
    "call-bind": {
      "version": "1.0.2",
      "resolved": "https://registry.npmjs.org/call-bind/-/call-bind-1.0.2.tgz",
      "integrity": "sha512-7O+FbCihrB5WGbFYesctwmTKae6rOiIzmz1icreWJ+0aA7LJfuqhEso2T9ncpcFtzMQtzXf2QGGueWJGTYsqrA==",
      "requires": {
        "function-bind": "^1.1.1",
        "get-intrinsic": "^1.0.2"
      }
    },
    "caniuse-lite": {
      "version": "1.0.30001312",
      "resolved": "https://registry.npmjs.org/caniuse-lite/-/caniuse-lite-1.0.30001312.tgz",
      "integrity": "sha512-Wiz1Psk2MEK0pX3rUzWaunLTZzqS2JYZFzNKqAiJGiuxIjRPLgV6+VDPOg6lQOUxmDwhTlh198JsTTi8Hzw6aQ=="
    },
    "classlist-polyfill": {
      "version": "1.2.0",
      "resolved": "https://registry.npmjs.org/classlist-polyfill/-/classlist-polyfill-1.2.0.tgz",
      "integrity": "sha1-k1vC39lFiodrJ5YXUUY4vKqWSi4="
    },
    "classnames": {
      "version": "2.3.1",
      "resolved": "https://registry.npmjs.org/classnames/-/classnames-2.3.1.tgz",
      "integrity": "sha512-OlQdbZ7gLfGarSqxesMesDa5uz7KFbID8Kpq/SxIoNGDqY8lSYs0D+hhtBXhcdB3rcbXArFr7vlHheLk1voeNA=="
    },
    "contentful": {
      "version": "9.1.10",
      "resolved": "https://registry.npmjs.org/contentful/-/contentful-9.1.10.tgz",
      "integrity": "sha512-UtCjzEZIgBuSEz0/Hklum1WqLmuKV42JLWbZoipQ1POpdsT3GLicQKStSjmug+/anXl3TKpdnIR9Oa8hhkCkEw==",
      "requires": {
        "axios": "^0.26.0",
        "contentful-resolve-response": "^1.3.0",
        "contentful-sdk-core": "^7.0.1",
        "fast-copy": "^2.1.0",
        "json-stringify-safe": "^5.0.1"
      }
    },
    "contentful-resolve-response": {
      "version": "1.3.0",
      "resolved": "https://registry.npmjs.org/contentful-resolve-response/-/contentful-resolve-response-1.3.0.tgz",
      "integrity": "sha512-FFa4it5VXW1YGyim5rhPbnwmN4c8OcmkpLrsylTL2Y1YpoC+6qnZSSU/QZyvHomLdEgwXaSXhGVJkWjpdz5IMg==",
      "requires": {
        "fast-copy": "^2.1.0"
      }
    },
    "contentful-sdk-core": {
      "version": "7.0.1",
      "resolved": "https://registry.npmjs.org/contentful-sdk-core/-/contentful-sdk-core-7.0.1.tgz",
      "integrity": "sha512-3m3RTmQHEnlOtx6f9PvkKgrv5Qpzjo8X+NysBXshCYK8OEG/vNbsfsdOaiURAxcVMQ/9vM14Og+fc+aMx79Lsg==",
      "requires": {
        "fast-copy": "^2.1.0",
        "lodash.isplainobject": "^4.0.6",
        "lodash.isstring": "^4.0.1",
        "p-throttle": "^4.1.1",
        "qs": "^6.9.4"
      }
    },
    "enquire.js": {
      "version": "2.1.6",
      "resolved": "https://registry.npmjs.org/enquire.js/-/enquire.js-2.1.6.tgz",
      "integrity": "sha1-PoeAybi4NQhMP2DhZtvDwqPImBQ="
    },
    "fast-copy": {
      "version": "2.1.1",
      "resolved": "https://registry.npmjs.org/fast-copy/-/fast-copy-2.1.1.tgz",
      "integrity": "sha512-Qod3DdRgFZ8GUIM6ygeoZYpQ0QLW9cf/FS9KhhjlYggcSZXWAemAw8BOCO5LuYCrR3Uj3qXDVTUzOUwG8C7beQ=="
    },
    "follow-redirects": {
      "version": "1.14.9",
      "resolved": "https://registry.npmjs.org/follow-redirects/-/follow-redirects-1.14.9.tgz",
      "integrity": "sha512-MQDfihBQYMcyy5dhRDJUHcw7lb2Pv/TuE6xP1vyraLukNDHKbDxDNaOE3NbCAdKQApno+GPRyo1YAp89yCjK4w=="
    },
    "function-bind": {
      "version": "1.1.1",
      "resolved": "https://registry.npmjs.org/function-bind/-/function-bind-1.1.1.tgz",
      "integrity": "sha512-yIovAzMX49sF8Yl58fSCWJ5svSLuaibPxXQJFLmBObTuCr0Mf1KiPopGM9NiFjiYBCbfaa2Fh6breQ6ANVTI0A=="
    },
    "get-intrinsic": {
      "version": "1.1.1",
      "resolved": "https://registry.npmjs.org/get-intrinsic/-/get-intrinsic-1.1.1.tgz",
      "integrity": "sha512-kWZrnVM42QCiEA2Ig1bG8zjoIMOgxWwYCEeNdwY6Tv/cOSeGpcoX4pXHfKUxNKVoArnrEr2e9srnAxxGIraS9Q==",
      "requires": {
        "function-bind": "^1.1.1",
        "has": "^1.0.3",
        "has-symbols": "^1.0.1"
      }
    },
    "has": {
      "version": "1.0.3",
      "resolved": "https://registry.npmjs.org/has/-/has-1.0.3.tgz",
      "integrity": "sha512-f2dvO0VU6Oej7RkWJGrehjbzMAjFp5/VKPp5tTpWIV4JHHZK1/BxbFRtf/siA2SWTe09caDmVtYYzWEIbBS4zw==",
      "requires": {
        "function-bind": "^1.1.1"
      }
    },
    "has-symbols": {
      "version": "1.0.2",
      "resolved": "https://registry.npmjs.org/has-symbols/-/has-symbols-1.0.2.tgz",
      "integrity": "sha512-chXa79rL/UC2KlX17jo3vRGz0azaWEx5tGqZg5pO3NUyEJVB17dMruQlzCCOfUvElghKcm5194+BCRvi2Rv/Gw=="
    },
    "js-tokens": {
      "version": "4.0.0",
      "resolved": "https://registry.npmjs.org/js-tokens/-/js-tokens-4.0.0.tgz",
      "integrity": "sha512-RdJUflcE3cUzKiMqQgsCu06FPu9UdIJO0beYbPhHN4k6apgJtifcoCtT9bcxOpYBtpD2kCM6Sbzg4CausW/PKQ=="
    },
    "json-stringify-safe": {
      "version": "5.0.1",
      "resolved": "https://registry.npmjs.org/json-stringify-safe/-/json-stringify-safe-5.0.1.tgz",
      "integrity": "sha1-Epai1Y/UXxmg9s4B1lcB4sc1tus="
    },
    "json2mq": {
      "version": "0.2.0",
      "resolved": "https://registry.npmjs.org/json2mq/-/json2mq-0.2.0.tgz",
      "integrity": "sha1-tje9O6nqvhIsg+lyBIOusQ0skEo=",
      "requires": {
        "string-convert": "^0.2.0"
      }
    },
    "lodash.debounce": {
      "version": "4.0.8",
      "resolved": "https://registry.npmjs.org/lodash.debounce/-/lodash.debounce-4.0.8.tgz",
      "integrity": "sha1-gteb/zCmfEAF/9XiUVMArZyk168="
    },
    "lodash.isplainobject": {
      "version": "4.0.6",
      "resolved": "https://registry.npmjs.org/lodash.isplainobject/-/lodash.isplainobject-4.0.6.tgz",
      "integrity": "sha1-fFJqUtibRcRcxpC4gWO+BJf1UMs="
    },
    "lodash.isstring": {
      "version": "4.0.1",
      "resolved": "https://registry.npmjs.org/lodash.isstring/-/lodash.isstring-4.0.1.tgz",
      "integrity": "sha1-1SfftUVuynzJu5XV2ur4i6VKVFE="
    },
    "lodash.throttle": {
      "version": "4.1.1",
      "resolved": "https://registry.npmjs.org/lodash.throttle/-/lodash.throttle-4.1.1.tgz",
      "integrity": "sha1-wj6RtxAkKscMN/HhzaknTMOb8vQ="
    },
    "loose-envify": {
      "version": "1.4.0",
      "resolved": "https://registry.npmjs.org/loose-envify/-/loose-envify-1.4.0.tgz",
      "integrity": "sha512-lyuxPGr/Wfhrlem2CL/UcnUc1zcqKAImBDzukY7Y5F/yQiNdko6+fRLevlw1HgMySw7f611UIY408EtxRSoK3Q==",
      "requires": {
        "js-tokens": "^3.0.0 || ^4.0.0"
      }
    },
    "nanoid": {
      "version": "3.3.1",
      "resolved": "https://registry.npmjs.org/nanoid/-/nanoid-3.3.1.tgz",
      "integrity": "sha512-n6Vs/3KGyxPQd6uO0eH4Bv0ojGSUvuLlIHtC3Y0kEO23YRge8H9x1GCzLn28YX0H66pMkxuaeESFq4tKISKwdw=="
    },
    "next": {
      "version": "12.1.1-canary.1",
      "resolved": "https://registry.npmjs.org/next/-/next-12.1.1-canary.1.tgz",
      "integrity": "sha512-kqVqOi3KwSfMJmjEsgxHfM8gm0zEnalY4r0xND4ACjuSwV2RWQgF9tiSOEgTZrNpEdg1bNVyzlXcpj+CCvipSQ==",
      "requires": {
        "@next/env": "12.1.1-canary.1",
        "@next/swc-android-arm-eabi": "12.1.1-canary.1",
        "@next/swc-android-arm64": "12.1.1-canary.1",
        "@next/swc-darwin-arm64": "12.1.1-canary.1",
        "@next/swc-darwin-x64": "12.1.1-canary.1",
        "@next/swc-linux-arm-gnueabihf": "12.1.1-canary.1",
        "@next/swc-linux-arm64-gnu": "12.1.1-canary.1",
        "@next/swc-linux-arm64-musl": "12.1.1-canary.1",
        "@next/swc-linux-x64-gnu": "12.1.1-canary.1",
        "@next/swc-linux-x64-musl": "12.1.1-canary.1",
        "@next/swc-win32-arm64-msvc": "12.1.1-canary.1",
        "@next/swc-win32-ia32-msvc": "12.1.1-canary.1",
        "@next/swc-win32-x64-msvc": "12.1.1-canary.1",
        "caniuse-lite": "^1.0.30001283",
        "postcss": "8.4.5",
        "styled-jsx": "5.0.0",
        "use-subscription": "1.5.1"
      }
    },
    "object-assign": {
      "version": "4.1.1",
      "resolved": "https://registry.npmjs.org/object-assign/-/object-assign-4.1.1.tgz",
      "integrity": "sha1-IQmtx5ZYh8/AXLvUQsrIv7s2CGM="
    },
    "object-inspect": {
      "version": "1.12.0",
      "resolved": "https://registry.npmjs.org/object-inspect/-/object-inspect-1.12.0.tgz",
      "integrity": "sha512-Ho2z80bVIvJloH+YzRmpZVQe87+qASmBUKZDWgx9cu+KDrX2ZDH/3tMy+gXbZETVGs2M8YdxObOh7XAtim9Y0g=="
    },
    "p-throttle": {
      "version": "4.1.1",
      "resolved": "https://registry.npmjs.org/p-throttle/-/p-throttle-4.1.1.tgz",
      "integrity": "sha512-TuU8Ato+pRTPJoDzYD4s7ocJYcNSEZRvlxoq3hcPI2kZDZ49IQ1Wkj7/gDJc3X7XiEAAvRGtDzdXJI0tC3IL1g=="
    },
    "performance-now": {
      "version": "2.1.0",
      "resolved": "https://registry.npmjs.org/performance-now/-/performance-now-2.1.0.tgz",
      "integrity": "sha1-Ywn04OX6kT7BxpMHrjZLSzd8nns="
    },
    "picocolors": {
      "version": "1.0.0",
      "resolved": "https://registry.npmjs.org/picocolors/-/picocolors-1.0.0.tgz",
      "integrity": "sha512-1fygroTLlHu66zi26VoTDv8yRgm0Fccecssto+MhsZ0D/DGW2sm8E8AjW7NU5VVTRt5GxbeZ5qBuJr+HyLYkjQ=="
    },
    "postcss": {
      "version": "8.4.5",
      "resolved": "https://registry.npmjs.org/postcss/-/postcss-8.4.5.tgz",
      "integrity": "sha512-jBDboWM8qpaqwkMwItqTQTiFikhs/67OYVvblFFTM7MrZjt6yMKd6r2kgXizEbTTljacm4NldIlZnhbjr84QYg==",
      "requires": {
        "nanoid": "^3.1.30",
        "picocolors": "^1.0.0",
        "source-map-js": "^1.0.1"
      }
    },
    "prop-types": {
      "version": "15.8.1",
      "resolved": "https://registry.npmjs.org/prop-types/-/prop-types-15.8.1.tgz",
      "integrity": "sha512-oj87CgZICdulUohogVAR7AjlC0327U4el4L6eAvOqCeudMDVU0NThNaV+b9Df4dXgSP1gXMTnPdhfe/2qDH5cg==",
      "requires": {
        "loose-envify": "^1.4.0",
        "object-assign": "^4.1.1",
        "react-is": "^16.13.1"
      }
    },
    "qs": {
      "version": "6.10.3",
      "resolved": "https://registry.npmjs.org/qs/-/qs-6.10.3.tgz",
      "integrity": "sha512-wr7M2E0OFRfIfJZjKGieI8lBKb7fRCH4Fv5KNPEs7gJ8jadvotdsS08PzOKR7opXhZ/Xkjtt3WF9g38drmyRqQ==",
      "requires": {
        "side-channel": "^1.0.4"
      }
    },
    "raf": {
      "version": "3.4.1",
      "resolved": "https://registry.npmjs.org/raf/-/raf-3.4.1.tgz",
      "integrity": "sha512-Sq4CW4QhwOHE8ucn6J34MqtZCeWFP2aQSmrlroYgqAV1PjStIhJXxYuTgUIfkEk7zTLjmIjLmU5q+fbD1NnOJA==",
      "requires": {
        "performance-now": "^2.1.0"
      }
    },
    "react": {
      "version": "17.0.2",
      "resolved": "https://registry.npmjs.org/react/-/react-17.0.2.tgz",
      "integrity": "sha512-gnhPt75i/dq/z3/6q/0asP78D0u592D5L1pd7M8P+dck6Fu/jJeL6iVVK23fptSUZj8Vjf++7wXA8UNclGQcbA==",
      "requires": {
        "loose-envify": "^1.1.0",
        "object-assign": "^4.1.1"
      }
    },
    "react-dom": {
      "version": "17.0.2",
      "resolved": "https://registry.npmjs.org/react-dom/-/react-dom-17.0.2.tgz",
      "integrity": "sha512-s4h96KtLDUQlsENhMn1ar8t2bEa+q/YAtj8pPPdIjPDGBDIVNsrD9aXNWqspUe6AzKCIG0C1HZZLqLV7qpOBGA==",
      "requires": {
        "loose-envify": "^1.1.0",
        "object-assign": "^4.1.1",
        "scheduler": "^0.20.2"
      }
    },
    "react-icons": {
      "version": "4.3.1",
      "resolved": "https://registry.npmjs.org/react-icons/-/react-icons-4.3.1.tgz",
      "integrity": "sha512-cB10MXLTs3gVuXimblAdI71jrJx8njrJZmNMEMC+sQu5B/BIOmlsAjskdqpn81y8UBVEGuHODd7/ci5DvoSzTQ=="
    },
    "react-is": {
      "version": "16.13.1",
      "resolved": "https://registry.npmjs.org/react-is/-/react-is-16.13.1.tgz",
      "integrity": "sha512-24e6ynE2H+OKt4kqsOvNd8kBpV65zoxbA4BVsEOB3ARVWQki/DHzaUoC5KuON/BiccDaCCTZBuOcfZs70kR8bQ=="
    },
    "react-slick": {
      "version": "0.28.1",
      "resolved": "https://registry.npmjs.org/react-slick/-/react-slick-0.28.1.tgz",
      "integrity": "sha512-JwRQXoWGJRbUTE7eZI1rGIHaXX/4YuwX6gn7ulfvUZ4vFDVQAA25HcsHSYaUiRCduTr6rskyIuyPMpuG6bbluw==",
      "requires": {
        "classnames": "^2.2.5",
        "enquire.js": "^2.1.6",
        "json2mq": "^0.2.0",
        "lodash.debounce": "^4.0.8",
        "resize-observer-polyfill": "^1.5.0"
      }
    },
    "resize-observer-polyfill": {
      "version": "1.5.1",
      "resolved": "https://registry.npmjs.org/resize-observer-polyfill/-/resize-observer-polyfill-1.5.1.tgz",
      "integrity": "sha512-LwZrotdHOo12nQuZlHEmtuXdqGoOD0OhaxopaNFxWzInpEgaLWoVuAMbTzixuosCx2nEG58ngzW3vxdWoxIgdg=="
    },
    "scheduler": {
      "version": "0.20.2",
      "resolved": "https://registry.npmjs.org/scheduler/-/scheduler-0.20.2.tgz",
      "integrity": "sha512-2eWfGgAqqWFGqtdMmcL5zCMK1U8KlXv8SQFGglL3CEtd0aDVDWgeF/YoCmvln55m5zSk3J/20hTaSBeSObsQDQ==",
      "requires": {
        "loose-envify": "^1.1.0",
        "object-assign": "^4.1.1"
      }
    },
    "side-channel": {
      "version": "1.0.4",
      "resolved": "https://registry.npmjs.org/side-channel/-/side-channel-1.0.4.tgz",
      "integrity": "sha512-q5XPytqFEIKHkGdiMIrY10mvLRvnQh42/+GoBlFW3b2LXLE2xxJpZFdm94we0BaoV3RwJyGqg5wS7epxTv0Zvw==",
      "requires": {
        "call-bind": "^1.0.0",
        "get-intrinsic": "^1.0.2",
        "object-inspect": "^1.9.0"
      }
    },
    "slick-carousel": {
      "version": "1.8.1",
      "resolved": "https://registry.npmjs.org/slick-carousel/-/slick-carousel-1.8.1.tgz",
      "integrity": "sha512-XB9Ftrf2EEKfzoQXt3Nitrt/IPbT+f1fgqBdoxO3W/+JYvtEOW6EgxnWfr9GH6nmULv7Y2tPmEX3koxThVmebA=="
    },
    "source-map-js": {
      "version": "1.0.2",
      "resolved": "https://registry.npmjs.org/source-map-js/-/source-map-js-1.0.2.tgz",
      "integrity": "sha512-R0XvVJ9WusLiqTCEiGCmICCMplcCkIwwR11mOSD9CR5u+IXYdiseeEuXCVAjS54zqwkLcPNnmU4OeJ6tUrWhDw=="
    },
    "string-convert": {
      "version": "0.2.1",
      "resolved": "https://registry.npmjs.org/string-convert/-/string-convert-0.2.1.tgz",
      "integrity": "sha1-aYLMMEn7tM2F+LJFaLnZvznu/5c="
    },
    "styled-jsx": {
      "version": "5.0.0",
      "resolved": "https://registry.npmjs.org/styled-jsx/-/styled-jsx-5.0.0.tgz",
      "integrity": "sha512-qUqsWoBquEdERe10EW8vLp3jT25s/ssG1/qX5gZ4wu15OZpmSMFI2v+fWlRhLfykA5rFtlJ1ME8A8pm/peV4WA=="
    },
    "typewriter-effect": {
      "version": "2.18.2",
      "resolved": "https://registry.npmjs.org/typewriter-effect/-/typewriter-effect-2.18.2.tgz",
      "integrity": "sha512-I6VLfaICftFgZ3sauoVrvHmqzD2r1t+roopD6pyQ1EV4fmq3kZ4ssfLJk9mPd1VHdnwb9XxSnDH09QHNJ/HrXw==",
      "requires": {
        "prop-types": "^15.6.2",
        "raf": "^3.4.0"
      }
    },
    "use-subscription": {
      "version": "1.5.1",
      "resolved": "https://registry.npmjs.org/use-subscription/-/use-subscription-1.5.1.tgz",
      "integrity": "sha512-Xv2a1P/yReAjAbhylMfFplFKj9GssgTwN7RlcTxBujFQcloStWNDQdc4g4NRWH9xS4i/FDk04vQBptAXoF3VcA==",
      "requires": {
        "object-assign": "^4.1.1"
      }
    }
  }
}
